
Microsoft Visual Studio Solution File, Format Version 12.00
# Visual Studio Version 17
VisualStudioVersion = 17.13.35931.197 d17.13
MinimumVisualStudioVersion = 10.0.40219.1
Project("{FAE04EC0-301F-11D3-BF4B-00C04F79EFBC}") = "SharkScan", "SharkScan.csproj", "{FD200C3F-7CE0-4B83-AB5C-2737B208AEAC}"
EndProject
Global
	GlobalSection(SolutionConfigurationPlatforms) = preSolution
		Debug|Any CPU = Debug|Any CPU
		Release|Any CPU = Release|Any CPU
	EndGlobalSection
	GlobalSection(ProjectConfigurationPlatforms) = postSolution
		{FD200C3F-7CE0-4B83-AB5C-2737B208AEAC}.Debug|Any CPU.ActiveCfg = Debug|Any CPU
		{FD200C3F-7CE0-4B83-AB5C-2737B208AEAC}.Debug|Any CPU.Build.0 = Debug|Any CPU
		{FD200C3F-7CE0-4B83-AB5C-2737B208AEAC}.Release|Any CPU.ActiveCfg = Release|Any CPU
		{FD200C3F-7CE0-4B83-AB5C-2737B208AEAC}.Release|Any CPU.Build.0 = Release|Any CPU
	EndGlobalSection
	GlobalSection(SolutionProperties) = preSolution
		HideSolutionNode = FALSE
	EndGlobalSection
	GlobalSection(ExtensibilityGlobals) = postSolution
		SolutionGuid = {EC472702-32A2-4697-ABEE-1DECBB2C20B2}
	EndGlobalSection
EndGlobal
